
Microsoft Visual Studio Solution File, Format Version 12.00
# Visual Studio Version 17
VisualStudioVersion = 17.1.32421.90
MinimumVisualStudioVersion = 10.0.40219.1
Project("{8BC9CEB8-8B4A-11D0-8D11-00A0C91BC942}") = "Shaders", "Shaders.vcxproj", "{DD7C7101-D61F-45A1-9D27-D5334BE0AFA1}"
EndProject
Global
	GlobalSection(SolutionConfigurationPlatforms) = preSolution
		Debug|x64 = Debug|x64
		Debug|x86 = Debug|x86
		Release|x64 = Release|x64
		Release|x86 = Release|x86
	EndGlobalSection
	GlobalSection(ProjectConfigurationPlatforms) = postSolution
		{DD7C7101-D61F-45A1-9D27-D5334BE0AFA1}.Debug|x64.ActiveCfg = Debug|x64
		{DD7C7101-D61F-45A1-9D27-D5334BE0AFA1}.Debug|x64.Build.0 = Debug|x64
		{DD7C7101-D61F-45A1-9D27-D5334BE0AFA1}.Debug|x86.ActiveCfg = Debug|Win32
		{DD7C7101-D61F-45A1-9D27-D5334BE0AFA1}.Debug|x86.Build.0 = Debug|Win32
		{DD7C7101-D61F-45A1-9D27-D5334BE0AFA1}.Release|x64.ActiveCfg = Release|x64
		{DD7C7101-D61F-45A1-9D27-D5334BE0AFA1}.Release|x64.Build.0 = Release|x64
		{DD7C7101-D61F-45A1-9D27-D5334BE0AFA1}.Release|x86.ActiveCfg = Release|Win32
		{DD7C7101-D61F-45A1-9D27-D5334BE0AFA1}.Release|x86.Build.0 = Release|Win32
	EndGlobalSection
	GlobalSection(SolutionProperties) = preSolution
		HideSolutionNode = FALSE
	EndGlobalSection
	GlobalSection(ExtensibilityGlobals) = postSolution
		SolutionGuid = {84FF14F1-5750-4D69-A026-ACF4A33F87C8}
	EndGlobalSection
EndGlobal
